
Microsoft Visual Studio Solution File, Format Version 12.00
# Visual Studio Version 16
VisualStudioVersion = 16.0.29102.190
MinimumVisualStudioVersion = 10.0.40219.1
Project("{FAE04EC0-301F-11D3-BF4B-00C04F79EFBC}") = "MM.Data.Export", "MM.Data.Export\MM.Data.Export.csproj", "{FC038626-E620-4B7F-9937-5B44D9EDD9C9}"
EndProject
Global
	GlobalSection(SolutionConfigurationPlatforms) = preSolution
		Debug|Any CPU = Debug|Any CPU
		Release|Any CPU = Release|Any CPU
	EndGlobalSection
	GlobalSection(ProjectConfigurationPlatforms) = postSolution
		{FC038626-E620-4B7F-9937-5B44D9EDD9C9}.Debug|Any CPU.ActiveCfg = Debug|Any CPU
		{FC038626-E620-4B7F-9937-5B44D9EDD9C9}.Debug|Any CPU.Build.0 = Debug|Any CPU
		{FC038626-E620-4B7F-9937-5B44D9EDD9C9}.Release|Any CPU.ActiveCfg = Release|Any CPU
		{FC038626-E620-4B7F-9937-5B44D9EDD9C9}.Release|Any CPU.Build.0 = Release|Any CPU
	EndGlobalSection
	GlobalSection(SolutionProperties) = preSolution
		HideSolutionNode = FALSE
	EndGlobalSection
	GlobalSection(ExtensibilityGlobals) = postSolution
		SolutionGuid = {55D180CF-114C-4299-B4DF-E64624335BA3}
	EndGlobalSection
EndGlobal
